lockfileVersion: '9.0'

settings:
  autoInstallPeers: true
  excludeLinksFromLockfile: false

importers:

  .:
    dependencies:
      '@aptos-labs/ts-sdk':
        specifier: ^7.3.0
        version: 7.3.0
      '@grammyjs/i18n':
        specifier: ^1.1.2
        version: 1.1.2(grammy@1.45.1)
      better-sqlite3:
        specifier: ^13.0.3
        version: 13.0.3
      dotenv:
        specifier: ^17.4.2
        version: 17.4.2
      grammy:
        specifier: ^1.45.1
        version: 1.45.1
      koa:
        specifier: ^3.2.1
        version: 3.2.1
      typescript:
        specifier: ^7.0.2
        version: 7.0.2
    devDependencies:
      '@types/better-sqlite3':
        specifier: ^9.6.0
        version: 9.6.0
      '@types/koa':
        specifier: ^3.0.3
        version: 3.0.3
      nodemon:
        specifier: ^3.1.14
        version: 3.1.14

packages:

  '@aptos-labs/aptos-cli@3.0.0':
    resolution: {integrity: sha512-fw9Ph6pe9l/RW6LMqjpxrHiWo2T/gtYWZsRxgl4PqVroavGF13YEQWlUnjJfWgVi1wQHpQcoJ1eYbYsPFu2sVg==}
    engines: {node: '>=22'}
    cpu: [x64, arm64]
    os: [darwin, linux, win32]
    hasBin: true

  '@aptos-labs/aptos-client@4.1.0':
    resolution: {integrity: sha512-QNr8OV3b6oZB+5LSh86wee9RbK+FAYCKh0wvu3epSf5JJnHezszpnAgtr3DJGBG6t00MJHaiu6VUbmujrl97iQ==}
    engines: {node: '>=22.0.0'}

  '@aptos-labs/ts-sdk@7.3.0':
    resolution: {integrity: sha512-Tgpcz+MBoEB61JcLAT52JEo2311Yy4T9my1/ZOUN0PVFZgfN6KCTBBNa6gcNSuEH80L7UL1qwxZdansXWVQAgQ==}
    engines: {node: '>=22.0.0'}

  '@deno/shim-deno-test@0.5.0':
    resolution: {integrity: sha512-4nMhecpGlPi0cSzT67L+Tm+GOJqvuk8gqHBziqcUQOarnuIax1z96/gJHCSIz2Z0zhxE6Rzwb3IZXPtFh51j+w==}

  '@deno/shim-deno@0.18.2':
    resolution: {integrity: sha512-oQ0CVmOio63wlhwQF75zA4ioolPvOwAoK0yuzcS5bDC1JUvH3y1GS8xPh8EOpcoDQRU4FTG8OQfxhpR+c6DrzA==}

  '@fluent/bundle@0.17.1':
    resolution: {integrity: sha512-CRFNT9QcSFAeFDneTF59eyv3JXFGhIIN4boUO2y22YmsuuKLyDk+N1I/NQUYz9Ab63e6V7T6vItoZIG/2oOOuw==}
    engines: {node: '>=12.0.0', npm: '>=7.0.0'}

  '@fluent/langneg@0.6.2':
    resolution: {integrity: sha512-YF4gZ4sLYRQfctpUR2uhb5UyPUYY5n/bi3OaED/Q4awKjPjlaF8tInO3uja7pnLQcmLTURkZL7L9zxv2Z5NDwg==}
    engines: {node: '>=12.0.0', npm: '>=7.0.0'}

  '@grammyjs/i18n@1.1.2':
    resolution: {integrity: sha512-PcK06mxuDDZjxdZ5HywBhr+erEITsR816KP4DNIDDds1jpA45pfz/nS9FdZmzF8H6lMyPix3mV5WL1rT4q+BuA==}
    engines: {node: '>=12'}
    peerDependencies:
      grammy: ^1.10.0

  '@grammyjs/types@4.0.0':
    resolution: {integrity: sha512-Z8lDLTvOlo12e5Vnly/vQh3JC9ppaitS1dGZ3w068gNitOd/y8tTSiib+Xm38aBGbtYGmUZwOc6afYrLs2CSTg==}

  '@keyv/serialize@1.1.1':
    resolution: {integrity: sha512-dXn3FZhPv0US+7dtJsIi2R+c7qWYiReoEh5zUntWCf4oSpMNib8FDhSoed6m3QyZdx5hK7iLFkYk3rNxwt8vTA==}

  '@noble/ciphers@2.2.0':
    resolution: {integrity: sha512-Z6pjIZ/8IJcCGzb2S/0Px5J81yij85xASuk1teLNeg75bfT07MV3a/O2Mtn1I2se43k3lkVEcFaR10N4cgQcZA==}
    engines: {node: '>= 20.19.0'}

  '@noble/curves@2.2.0':
    resolution: {integrity: sha512-T/BoHgFXirb0ENSPBquzX0rcjXeM6Lo892a2jlYJkqk83LqZx0l1Of7DzlKJ6jkpvMrkHSnAcgb5JegL8SeIkQ==}
    engines: {node: '>= 20.19.0'}

  '@noble/curves@2.3.0':
    resolution: {integrity: sha512-v7cY+4oWYPQszRj6ZFGzTVL7uP2TaLo1xMhWHzYC5wj0ZhOXQ5x+sBre8rF3hi8cAoi0bh1qXoovoOkdFtvqEg==}
    engines: {node: '>= 20.19.0'}

  '@noble/hashes@2.2.0':
    resolution: {integrity: sha512-IYqDGiTXab6FniAgnSdZwgWbomxpy9FtYvLKs7wCUs2a8RkITG+DFGO1DM9cr+E3/RgADRpFjrKVaJ1z6sjtEg==}
    engines: {node: '>= 20.19.0'}

  '@noble/hashes@2.3.0':
    resolution: {integrity: sha512-oN+QwyX7VSHotibwubG3kpzbwKrfnyR6OOO+3Nk/53ADL7FmgHHz4TgrbaYKvvOw09u6QTx0oiH1cNCIOuN0CQ==}
    engines: {node: '>= 20.19.0'}

  '@scure/base@2.3.0':
    resolution: {integrity: sha512-NsG6Y03tY6R5BUis4FdVtHVkur0U6FOzskgs9ZXNl78CUc9fkZ78HmENUle1nSOkCasDmbubmWD9qwB7mm4PZA==}

  '@scure/bip32@2.3.0':
    resolution: {integrity: sha512-mMPjNcXxJsvNveIgRIXrnwd4omu0wdXo4JowAUZO7/82+/bpAwVltclx6MG6nv2M3dA6IbfVv4xwWxaREm3OcA==}

  '@scure/bip39@2.3.0':
    resolution: {integrity: sha512-qdyWuxoYwi3+YmqIsfkpz1I029m980WkVPilj+kG7VxSm+gKQ2BmQru3nv3LbMtpSUXuyZwdFT65JkpKu5OHOQ==}

  '@sec-ant/readable-stream@0.4.1':
    resolution: {integrity: sha512-831qok9r2t8AlxLko40y2ebgSDhenenCatLVeW/uBtnHPyhHOvG0C7TvfgecV+wHzIm5KUICgzmVpWS+IMEAeg==}

  '@sindresorhus/is@8.1.0':
    resolution: {integrity: sha512-2SX/1jW6CIMAiebvVv5ZInoCEuWQmMyBoJXXGC6Vjakjp/fpxP5eHs7/V6WKuPEIbuK06+VpjH+vjLQhr98rDQ==}
    engines: {node: '>=22'}

  '@types/accepts@1.3.7':
    resolution: {integrity: sha512-Pay9fq2lM2wXPWbteBsRAGiWH2hig4ZE2asK+mm7kUzlxRTfL961rj89I6zV/E3PcIkDqyuBEcMxFT7rccugeQ==}

  '@types/better-sqlite3@9.6.0':
    resolution: {integrity: sha512-ZEEwBSgMu7GYJOynoagg5X9JbxfL6dTJDsgViJIqh67jV44kyOr9RXfmFjLK5rzC4MWssP06t9hu/JwGDnUbCg==}

  '@types/body-parser@1.19.5':
    resolution: {integrity: sha512-fB3Zu92ucau0iQ0JMCFQE7b/dv8Ot07NI3KaZIkIUNXq82k4eBAqUaneXfleGY9JWskeS9y+u0nXMyspcuQrCg==}

  '@types/connect@3.4.38':
    resolution: {integrity: sha512-K6uROf1LD88uDQqJCktA4yzL1YYAK6NgfsI0v/mTgyPKWsX1CnJ0XPSDhViejru1GcRkLWb8RlzFYJRqGUbaug==}

  '@types/content-disposition@0.5.8':
    resolution: {integrity: sha512-QVSSvno3dE0MgO76pJhmv4Qyi/j0Yk9pBp0Y7TJ2Tlj+KCgJWY6qX7nnxCOLkZ3VYRSIk1WTxCvwUSdx6CCLdg==}

  '@types/cookies@0.9.0':
    resolution: {integrity: sha512-40Zk8qR147RABiQ7NQnBzWzDcjKzNrntB5BAmeGCb2p/MIyOE+4BVvc17wumsUqUw00bJYqoXFHYygQnEFh4/Q==}

  '@types/express-serve-static-core@5.0.3':
    resolution: {integrity: sha512-JEhMNwUJt7bw728CydvYzntD0XJeTmDnvwLlbfbAhE7Tbslm/ax6bdIiUwTgeVlZTsJQPwZwKpAkyDtIjsvx3g==}

  '@types/express@5.0.0':
    resolution: {integrity: sha512-DvZriSMehGHL1ZNLzi6MidnsDhUZM/x2pRdDIKdwbUNqqwHxMlRdkxtn6/EPKyqKpHqTl/4nRZsRNLpZxZRpPQ==}

  '@types/http-assert@1.5.6':
    resolution: {integrity: sha512-TTEwmtjgVbYAzZYWyeHPrrtWnfVkm8tQkP8P21uQifPgMRgjrow3XDEYqucuC8SKZJT7pUnhU/JymvjggxO9vw==}

  '@types/http-cache-semantics@4.2.0':
    resolution: {integrity: sha512-L3LgimLHXtGkWikKnsPg0/VFx9OGZaC+eN1u4r+OB1XRqH3meBIAVC2zr1WdMH+RHmnRkqliQAOHNJ/E0j/e0Q==}

  '@types/http-errors@2.0.4':
    resolution: {integrity: sha512-D0CFMMtydbJAegzOyHjtiKPLlvnm3iTZyZRSZoLq2mRhDdmLfIWOCYPfQJ4cu2erKghU++QvjcUjp/5h7hESpA==}

  '@types/keygrip@1.0.6':
    resolution: {integrity: sha512-lZuNAY9xeJt7Bx4t4dx0rYCDqGPW8RXhQZK1td7d4H6E9zYbLoOtjBvfwdTKpsyxQI/2jv+armjX/RW+ZNpXOQ==}

  '@types/koa-compose@3.2.8':
    resolution: {integrity: sha512-4Olc63RY+MKvxMwVknCUDhRQX1pFQoBZ/lXcRLP69PQkEpze/0cr8LNqJQe5NFb/b19DWi2a5bTi2VAlQzhJuA==}

  '@types/koa@2.15.0':
    resolution: {integrity: sha512-7QFsywoE5URbuVnG3loe03QXuGajrnotr3gQkXcEBShORai23MePfFYdhz90FEtBBpkyIYQbVD+evKtloCgX3g==}

  '@types/koa@3.0.3':
    resolution: {integrity: sha512-TdtNEJ7sYSrFQcVuS2ySsVqnq5EyE3oJbnfFJvkC9UtGP4Kpem5KE7r+ivHIbIAQAofSqnlB5D3vkfYO69TQpg==}

  '@types/mime@1.3.5':
    resolution: {integrity: sha512-/pyBZWSLD2n0dcHE3hq8s8ZvcETHtEuF+3E7XVt0Ig2nvsVQXdghHVcEkIWjy9A0wKfTn97a/PSDYohKIlnP/w==}

  '@types/node@22.10.4':
    resolution: {integrity: sha512-99l6wv4HEzBQhvaU/UGoeBoCK61SCROQaCCGyQSgX2tEQ3rKkNZ2S7CEWnS/4s1LV+8ODdK21UeyR1fHP2mXug==}

  '@types/qs@6.9.17':
    resolution: {integrity: sha512-rX4/bPcfmvxHDv0XjfJELTTr+iB+tn032nPILqHm5wbthUUUuVtNGGqzhya9XUxjTP8Fpr0qYgSZZKxGY++svQ==}

  '@types/range-parser@1.2.7':
    resolution: {integrity: sha512-hKormJbkJqzQGhziax5PItDUTMAM9uE2XXQmM37dyd4hVM+5aVl7oVxMVUiVQn2oCQFN/LKCZdvSM0pFRqbSmQ==}

  '@types/send@0.17.4':
    resolution: {integrity: sha512-x2EM6TJOybec7c52BX0ZspPodMsQUd5L6PRwOunVyVUhXiBSKf3AezDL8Dgvgt5o0UfKNfuA0eMLr2wLT4AiBA==}

  '@types/serve-static@1.15.7':
    resolution: {integrity: sha512-W8Ym+h8nhuRwaKPaDw34QUkwsGi6Rc4yYqvKFo5rm2FUEhCFbzVWrxXUxuKK8TASjWsysJY0nsmNCGhCOIsrOw==}

  '@typescript/typescript-aix-ppc64@7.0.2':
    resolution: {integrity: sha512-MTKKkWB7p/0E9xi1d1tHtZ5PiLkGEMIq88pK2CubZjOsLtYTLqhgIgi6zepFa+9GHZ6h05NMCkQxGKiPXMxXtQ==}
    engines: {node: '>=16.20.0'}
    cpu: [ppc64]
    os: [aix]

  '@typescript/typescript-darwin-arm64@7.0.2':
    resolution: {integrity: sha512-gowzar9MwS/aRWp6f3a4KUqzRjAZjOsmGNCM6LcTgXum+dBfgsBVMN+AgvOCCbguXyick6LJhpBszxMebJ8syA==}
    engines: {node: '>=16.20.0'}
    cpu: [arm64]
    os: [darwin]

  '@typescript/typescript-darwin-x64@7.0.2':
    resolution: {integrity: sha512-SZ9xZInqApNlNGc9s0W1VSsktYSOe9cFqNOIqmN1Gs8SmkjKZYFt017G4VwPxASInODuAdbTW7sXiFUf893RgA==}
    engines: {node: '>=16.20.0'}
    cpu: [x64]
    os: [darwin]

  '@typescript/typescript-freebsd-arm64@7.0.2':
    resolution: {integrity: sha512-W5NH4y/J0plIIS5b2xvTEkU7JFxyqdMAOgf+Ilhl0vHQXKO5dZoxd+C/jEtq56c4F3wk71RB4BMRQ2XdI+bwYQ==}
    engines: {node: '>=16.20.0'}
    cpu: [arm64]
    os: [freebsd]

  '@typescript/typescript-freebsd-x64@7.0.2':
    resolution: {integrity: sha512-UMGDx5sTpzNw3WiPebH7l90IWfJggEd+egHt/q6p7/Cm3zqoV7VxkGXt+3DxPIw8CcmvAB0j3sVVfbhX+M4Tpw==}
    engines: {node: '>=16.20.0'}
    cpu: [x64]
    os: [freebsd]

  '@typescript/typescript-linux-arm64@7.0.2':
    resolution: {integrity: sha512-Qh4eU4/y3yDjnfjjyPYihMj5/ODIlmt+Bzu17OI+fiSRDW57QmU5SiN63exPRNJPKUzcc1INa1NXdrJ+MqHjUQ==}
    engines: {node: '>=16.20.0'}
    cpu: [arm64]
    os: [linux]

  '@typescript/typescript-linux-arm@7.0.2':
    resolution: {integrity: sha512-gffT3xPz9sR7j/YJExkyPntrI0P2EP9XbOyWzth2/Gs0RstK+90RBcO0ncXoXy/beYll1SXw846Nf2zdnEz0QQ==}
    engines: {node: '>=16.20.0'}
    cpu: [arm]
    os: [linux]

  '@typescript/typescript-linux-loong64@7.0.2':
    resolution: {integrity: sha512-uEHck9i8hoAzXPiYRib1O7miOnz23SxIeVl6F4LXox+qov1K35jHcEW6VHKvZI+pyvl7fZEP4MCU5LYvIq1GuQ==}
    engines: {node: '>=16.20.0'}
    cpu: [loong64]
    os: [linux]

  '@typescript/typescript-linux-mips64el@7.0.2':
    resolution: {integrity: sha512-R4KvAMnE43W5Qeqb0Ly56O3mWMWIAgsMyz36DCaycd5nbg/9kzm0liw3JocfRqyJY0KPmzFjbswozXyW0DnIYA==}
    engines: {node: '>=16.20.0'}
    cpu: [mips64el]
    os: [linux]

  '@typescript/typescript-linux-ppc64@7.0.2':
    resolution: {integrity: sha512-DORx5b3sd/4S7eayxm4FQv+A7CrkUIGRaHiwI8oiHTAI1fAPWhF4J0vAlkC8biAlHSVVwxMQ3tjZ2/DVbnQiiA==}
    engines: {node: '>=16.20.0'}
    cpu: [ppc64]
    os: [linux]

  '@typescript/typescript-linux-riscv64@7.0.2':
    resolution: {integrity: sha512-wf0jqEDOjrPRnKwYRyyJDRo11KMbvMFrU+q4zqKyChODBzvlkbhNQfKvLxQCcwTpdDaXSHZTVuh0JoCrKCUMHQ==}
    engines: {node: '>=16.20.0'}
    cpu: [riscv64]
    os: [linux]

  '@typescript/typescript-linux-s390x@7.0.2':
    resolution: {integrity: sha512-IkwJc3L7yhytWd/ewjyxNDfOmswCm9GWMJT/ue/dU4aZNbwZeYAetq42VyLmsmSjvoX7z74X6ZaYCtzAr0EuGw==}
    engines: {node: '>=16.20.0'}
    cpu: [s390x]
    os: [linux]

  '@typescript/typescript-linux-x64@7.0.2':
    resolution: {integrity: sha512-EYdf2cNg7rgCWJnxCdJ+F3V39O8ihb37eHAu1LK8oAFizgTQbPOK7zHHXbPt8rX24COqODXeI3sIf0fCXG7H/A==}
    engines: {node: '>=16.20.0'}
    cpu: [x64]
    os: [linux]

  '@typescript/typescript-netbsd-arm64@7.0.2':
    resolution: {integrity: sha512-+polYF4MF04aPpO5FTkHran9yUQDSXqy5GiSDKpsll5jy3l3+g9QLhpf39T+ePtefhXLOGrLl0QIjkQP6VnelA==}
    engines: {node: '>=16.20.0'}
    cpu: [arm64]
    os: [netbsd]

  '@typescript/typescript-netbsd-x64@7.0.2':
    resolution: {integrity: sha512-8YIT0EHM/3dq10ZOVF/A7pc/YSMtbcecct4rWtexrnSCHOPcpC2KTLXfTCR6vDpnSiY12heNb1GiN/wu+T/FyA==}
    engines: {node: '>=16.20.0'}
    cpu: [x64]
    os: [netbsd]

  '@typescript/typescript-openbsd-arm64@7.0.2':
    resolution: {integrity: sha512-APT8+ClYnuYm1u9+kgGXoMj2VzWzcymwh2gNSQVySHfkRDGOTVkoWLjCmOQSaO+PoqQ57B0flRp9SA+7GnnkzQ==}
    engines: {node: '>=16.20.0'}
    cpu: [arm64]
    os: [openbsd]

  '@typescript/typescript-openbsd-x64@7.0.2':
    resolution: {integrity: sha512-yX7s+Q0Dln0Dt9tEzZsAjXXR/+ytBM7AlglaqyeMPxQszJ1JhlJdZ6jLA+IzldHtflX81em7lDao1xXu+aRRkg==}
    engines: {node: '>=16.20.0'}
    cpu: [x64]
    os: [openbsd]

  '@typescript/typescript-sunos-x64@7.0.2':
    resolution: {integrity: sha512-dLJDGaLZ1D4HPQn62u1n8mBDkJREwMsAkCdkwd4Ieqw+x3TUyTsqY0YiBCtE6H6OzzgGk3iuZ3vFWRS+E8/d1g==}
    engines: {node: '>=16.20.0'}
    cpu: [x64]
    os: [sunos]

  '@typescript/typescript-win32-arm64@7.0.2':
    resolution: {integrity: sha512-Gyl1Vy6OsWesLzmq+EP0Fb7b4Nid5232AvcA2SFcdYreldpNtYFFofPjnt62y9hQy7VTaZp65ICJjuAQRaVcIQ==}
    engines: {node: '>=16.20.0'}
    cpu: [arm64]
    os: [win32]

  '@typescript/typescript-win32-x64@7.0.2':
    resolution: {integrity: sha512-0BQ3HkAHHlKLSp1qRvf3SUhGpGsDuhB/jgFw75guyqbxJqEaS0Cw/VFO8i2nHglJUzQCRtMMR/IBAKE3ETMC4g==}
    engines: {node: '>=16.20.0'}
    cpu: [x64]
    os: [win32]

  abort-controller@3.0.0:
    resolution: {integrity: sha512-h8lQ8tacZYnR3vNQTgibj+tODHI5/+l06Au2Pcriv/Gmet0eaj4TwWH41sO9wnHDiQsEj19q0drzdWdeAHtweg==}
    engines: {node: '>=6.5'}

  accepts@1.3.8:
    resolution: {integrity: sha512-PYAthTa2m2VKxuvSD3DPC/Gy+U+sOA1LAuT8mkmRuvw+NACSaeXEQ+NHcVF7rONl6qcaxV3Uuemwawk+7+SJLw==}
    engines: {node: '>= 0.6'}

  anymatch@3.1.3:
    resolution: {integrity: sha512-KMReFUr0B4t+D+OBkjR3KYqvocp2XaSzO55UcB6mgQMd3KbcE+mWTyvVV7D/zsdEbNnV6acZUutkiHQXvTr1Rw==}
    engines: {node: '>= 8'}

  balanced-match@4.0.4:
    resolution: {integrity: sha512-BLrgEcRTwX2o6gGxGOCNyMvGSp35YofuYzw9h1IMTRmKqttAZZVU67bdb9Pr2vUHA8+j3i2tJfjO6C6+4myGTA==}
    engines: {node: 18 || 20 || >=22}

  better-sqlite3@13.0.3:
    resolution: {integrity: sha512-RbOBxmLBG8uvFUc15X9+9SFemKcQ0WBuISBVkpuiaUB2qblC8UWlHEjdWVoZ8AdhSwmoEgsiXKfopX0CQxaACQ==}
    engines: {node: '>=22'}

  binary-extensions@2.3.0:
    resolution: {integrity: sha512-Ceh+7ox5qe7LJuLHoY0feh3pHuUDHAcRUeyL2VYghZwfpkNIy/+8Ocg0a3UuSoYzavmylwuLWQOf3hl0jjMMIw==}
    engines: {node: '>=8'}

  brace-expansion@5.0.9:
    resolution: {integrity: sha512-ScQ4IuvIEF1TMlP7Zt+vjJ//9zlPb2SDcxWxM3bk8s6t6GGdJ7KO1dCcTidOPJKePW30LE/2cT7wCyPho9/Wxg==}
    engines: {node: 20 || >=22}

  braces@3.0.3:
    resolution: {integrity: sha512-yQbXgO/OSZVD2IsiLlro+7Hf6Q18EJrKSEsdoMzKePKXct3gvD8oLcOQdIzGupr5Fj+EDe8gO/lxc1BzfMpxvA==}
    engines: {node: '>=8'}

  byte-counter@0.1.0:
    resolution: {integrity: sha512-jheRLVMeUKrDBjVw2O5+k4EvR4t9wtxHL+bo/LxfkxsVeuGMy3a5SEGgXdAFA4FSzTrU8rQXQIrsZ3oBq5a0pQ==}
    engines: {node: '>=20'}

  cacheable-lookup@7.0.0:
    resolution: {integrity: sha512-+qJyx4xiKra8mZrcwhjMRMUhD5NR1R8esPkzIYxX96JiecFoxAXFuz/GpR3+ev4PE1WamHip78wV0vcmPQtp8w==}
    engines: {node: '>=14.16'}

  cacheable-request@13.0.19:
    resolution: {integrity: sha512-SVXGH037+Mo1aIMO5B2UcleR43FGjFdN+M8JObSyEoQ2Mn4CODRWx28gN5jiTF0n5ItsgtIZfyargMNs8GX4kg==}
    engines: {node: '>=18'}

  chokidar@3.6.0:
    resolution: {integrity: sha512-7VT13fmjotKpGipCW9JEQAusEPE+Ei8nl6/g4FBAmIm0GOOLMua9NDDo/DWp0ZAxCr3cPq5ZpBqmPAQgDda2Pw==}
    engines: {node: '>= 8.10.0'}

  chunk-data@0.1.0:
    resolution: {integrity: sha512-zFyPtyC0SZ6Zu79b9sOYtXZcgrsXe0RpePrzRyj52hYVFG1+Rk6rBqjjOEk+GNQwc3PIX+86teQMok970pod1g==}
    engines: {node: '>=20'}

  commander@14.0.3:
    resolution: {integrity: sha512-H+y0Jo/T1RZ9qPP4Eh1pkcQcLRglraJaSLoyOtHxu6AapkjWVCy2Sit1QQ4x3Dng8qDlSsZEet7g5Pq06MvTgw==}
    engines: {node: '>=20'}

  content-disposition@1.0.1:
    resolution: {integrity: sha512-oIXISMynqSqm241k6kcQ5UwttDILMK4BiurCfGEREw6+X9jkkpEe5T9FZaApyLGGOnFuyMWZpdolTXMtvEJ08Q==}
    engines: {node: '>=18'}

  content-type@1.0.5:
    resolution: {integrity: sha512-nTjqfcBFEipKdXCv4YDQWCfmcLZKm81ldF0pAopTvyrFGVbcR6P/VAAd5G7N+0tTr8QqiU0tFadD6FK4NtJwOA==}
    engines: {node: '>= 0.6'}

  content-type@2.1.0:
    resolution: {integrity: sha512-mj7UPXE0jaqaOsukNZRUEfEi2AcL7C/vwmwcHV0O97eO1E1pxBZuyjlZrx5seTaNBg1U6+o35wpa35Qfcc+7ag==}
    engines: {node: '>=18'}

  cookies@0.9.1:
    resolution: {integrity: sha512-TG2hpqe4ELx54QER/S3HQ9SRVnQnGBtKUz5bLQWtYAQ+o6GpgMs6sYUvaiJjVxb+UXwhRhAEP3m7LbsIZ77Hmw==}
    engines: {node: '>= 0.8'}

  debug@4.4.0:
    resolution: {integrity: sha512-6WTZ/IxCY/T6BALoZHaE4ctp9xm+Z5kY/pzYaCHRFeyVhojxlrm+46y68HA6hr0TcwEssoxNiDEUJQjfPZ/RYA==}
    engines: {node: '>=6.0'}
    peerDependencies:
      supports-color: '*'
    peerDependenciesMeta:
      supports-color:
        optional: true

  debug@4.4.3:
    resolution: {integrity: sha512-RGwwWnwQvkVfavKVt22FGLw+xYSdzARwm0ru6DhTVA3umU5hZc28V3kO4stgYryrTlLpuvgI9GiijltAjNbcqA==}
    engines: {node: '>=6.0'}
    peerDependencies:
      supports-color: '*'
    peerDependenciesMeta:
      supports-color:
        optional: true

  decompress-response@10.0.0:
    resolution: {integrity: sha512-oj7KWToJuuxlPr7VV0vabvxEIiqNMo+q0NueIiL3XhtwC6FVOX7Hr1c0C4eD0bmf7Zr+S/dSf2xvkH3Ad6sU3Q==}
    engines: {node: '>=20'}

  deep-equal@1.0.1:
    resolution: {integrity: sha512-bHtC0iYvWhyaTzvV3CZgPeZQqCOBGyGsVV7v4eevpdkLHfiSrXUdBG+qAuSz4RI70sszvjQ1QSZ98An1yNwpSw==}

  delegates@1.0.0:
    resolution: {integrity: sha512-bd2L678uiWATM6m5Z1VzNCErI3jiGzt6HGY8OVICs40JQq/HALfbyNJmp0UDakEY4pMMaN0Ly5om/B1VI/+xfQ==}

  depd@1.1.2:
    resolution: {integrity: sha512-7emPTl6Dpo6JRXOXjLRxck+FlLRX5847cLKEn00PLAgc3g2hTZZgr+e4c2v6QpSmLeFP3n5yUo7ft6avBK/5jQ==}
    engines: {node: '>= 0.6'}

  depd@2.0.0:
    resolution: {integrity: sha512-g7nH6P6dyDioJogAAGprGpCtVImJhpPk/roCzdb3fIh61/s/nPsfR6onyMwkCAR/OlC3yBC0lESvUoQEAssIrw==}
    engines: {node: '>= 0.8'}

  destroy@1.2.0:
    resolution: {integrity: sha512-2sJGJTaXIIaR1w4iJSNoN0hnMY7Gpc/n8D4qSCJw8QqFWXf7cuAgnEHxBpweaVcPevC2l3KpjYCx3NypQQgaJg==}
    engines: {node: '>= 0.8', npm: 1.2.8000 || >= 1.4.16}

  dotenv@17.4.2:
    resolution: {integrity: sha512-nI4U3TottKAcAD9LLud4Cb7b2QztQMUEfHbvhTH09bqXTxnSie8WnjPALV/WMCrJZ6UV/qHJ6L03OqO3LcdYZw==}
    engines: {node: '>=12'}

  ee-first@1.1.1:
    resolution: {integrity: sha512-WMwm9LhRUo+WUaRN+vRuETqG89IgZphVSNkdFgeb6sS/E4OrDIN7t48CAewSHXc6C8lefD8KKfr5vY61brQlow==}

  encodeurl@2.0.0:
    resolution: {integrity: sha512-Q0n9HRi4m6JuGIV1eFlmvJB7ZEVxu93IrMyiMsGC0lrMJMWzRgx6WGquyfQgZVb31vhGgXnfmPNNXmxnOkRBrg==}
    engines: {node: '>= 0.8'}

  escape-html@1.0.3:
    resolution: {integrity: sha512-NiSupZ4OeuGwr68lGIeym/ksIZMJodUGOSCZ/FSnTxcrekbvqrgdUxlJOMpijaKZVjAJrWrGs/6Jy8OMuyj9ow==}

  event-target-shim@5.0.1:
    resolution: {integrity: sha512-i/2XbnSz/uxRCU6+NdVJgKWDTM427+MqYbkQzD321DuCQJUqOuJKIA0IM2+W2xtYHdKOmZ4dR6fExsd4SXL+WQ==}
    engines: {node: '>=6'}

  eventemitter3@5.0.4:
    resolution: {integrity: sha512-mlsTRyGaPBjPedk6Bvw+aqbsXDtoAyAzm5MO7JgU+yVRyMQ5O8bD4Kcci7BS85f93veegeCPkL8R4GLClnjLFw==}

  fill-range@7.1.1:
    resolution: {integrity: sha512-YsGpe3WHLK8ZYi4tWDg2Jy3ebRz2rXowDxnld4bkQB00cc/1Zw9AWnC0i9ztDJitivtQvaI9KaLyKrc+hBW0yg==}
    engines: {node: '>=8'}

  fresh@0.5.2:
    resolution: {integrity: sha512-zJ2mQYM18rEFOudeV4GShTGIQ7RbzA7ozbU9I/XBpm7kqgMywgmylMwXHxZJmkVoYkna9d2pVXVXPdYTP9ej8Q==}
    engines: {node: '>= 0.6'}

  fsevents@2.3.3:
    resolution: {integrity: sha512-5xoDfX+fL7faATnagmWPpbFtwh/R77WmMMqqHGS65C3vvB0YHrgF+B1YmZ3441tMj5n63k0212XNoJwzlhffQw==}
    engines: {node: ^8.16.0 || ^10.6.0 || >=11.0.0}
    os: [darwin]

  get-stream@9.0.1:
    resolution: {integrity: sha512-kVCxPF3vQM/N0B1PmoqVUqgHP+EeVjmZSQn+1oCRPxd2P21P2F19lIgbR3HBosbB1PUhOAoctJnfEn2GbN2eZA==}
    engines: {node: '>=18'}

  glob-parent@5.1.2:
    resolution: {integrity: sha512-AOIgSQCepiJYwP3ARnGx+5VnTu2HBYdzbGP45eLw1vr3zB3vZLeyed1sC9hnbcOc9/SrMyM5RPQrkGz4aS9Zow==}
    engines: {node: '>= 6'}

  got@15.1.0:
    resolution: {integrity: sha512-DG+DAAkRtno+oDr/GBsliAkhN9+zczOPM5qXk3efDZY3qvyRnZU+NwQlb/IOY6cSnxxTR9z3aHCcShJyjb0hJA==}
    engines: {node: '>=22'}

  grammy@1.45.1:
    resolution: {integrity: sha512-Y4VL/hqJMZZxwlUr5ZgM68CFu2iIeEkNLR1cY3+Ww68CIvWARDsoXFix7+31rmyC0+7L85ZI+Pq3E5JSG5+nLQ==}
    engines: {node: ^12.20.0 || >=14.13.1}

  has-flag@3.0.0:
    resolution: {integrity: sha512-sKJf1+ceQBr4SMkvQnBDNDtf4TXpVhVGateu0t918bl30FnbE2m4vNLX+VWe/dpjlb+HugGYzW7uQXH98HPEYw==}
    engines: {node: '>=4'}

  http-assert@1.5.0:
    resolution: {integrity: sha512-uPpH7OKX4H25hBmU6G1jWNaqJGpTXxey+YOUizJUAgu0AjLUeC8D73hTrhvDS5D+GJN1DN1+hhc/eF/wpxtp0w==}
    engines: {node: '>= 0.8'}

  http-cache-semantics@4.2.0:
    resolution: {integrity: sha512-dTxcvPXqPvXBQpq5dUr6mEMJX4oIEFv6bwom3FDwKRDsuIjjJGANqhBuoAn9c1RQJIdAKav33ED65E2ys+87QQ==}

  http-errors@1.8.1:
    resolution: {integrity: sha512-Kpk9Sm7NmI+RHhnj6OIWDI1d6fIoFAtFt9RLaTMRlg/8w49juAStsrBgp0Dp4OdxdVbRIeKhtCUvoi/RuAhO4g==}
    engines: {node: '>= 0.6'}

  http-errors@2.0.0:
    resolution: {integrity: sha512-FtwrG/euBzaEjYeRqOgly7G0qviiXoJWnvEH2Z1plBdXgbyjv34pHTSb9zoeHMyDy33+DWy5Wt9Wo+TURtOYSQ==}
    engines: {node: '>= 0.8'}

  http2-wrapper@2.2.1:
    resolution: {integrity: sha512-V5nVw1PAOgfI3Lmeaj2Exmeg7fenjhRUgz1lPSezy1CuhPYbgQtbQj4jZfEAEMlaL+vupsvhjqCyjzob0yxsmQ==}
    engines: {node: '>=10.19.0'}

  ignore-by-default@1.0.1:
    resolution: {integrity: sha512-Ius2VYcGNk7T90CppJqcIkS5ooHUZyIQK+ClZfMfMNFEF9VSE73Fq+906u/CWu92x4gzZMWOwfFYckPObzdEbA==}

  inherits@2.0.4:
    resolution: {integrity: sha512-k/vGaX4/Yla3WzyMCvTQOXYeIHvqOKtnqBduzTHpzpQZzAskKMhZ2K+EnBiSM9zGSoIFeMpXKxa4dYeZIQqewQ==}

  is-binary-path@2.1.0:
    resolution: {integrity: sha512-ZMERYes6pDydyuGidse7OsHxtbI7WVeUEozgR/g7rd0xUimYNlvZRE/K2MgZTjWy725IfelLeVcEM97mmtRGXw==}
    engines: {node: '>=8'}

  is-extglob@2.1.1:
    resolution: {integrity: sha512-SbKbANkN603Vi4jEZv49LeVJMn4yGwsbzZworEoyEiutsN3nJYdbO36zfhGJ6QEDpOZIFkDtnq5JRxmvl3jsoQ==}
    engines: {node: '>=0.10.0'}

  is-glob@4.0.3:
    resolution: {integrity: sha512-xelSayHH36ZgE7ZWhli7pW34hNbNl8Ojv5KVmkJD4hBdD3th8Tfk9vYasLM+mXWOZhFkgZfxhLSnrwRr4elSSg==}
    engines: {node: '>=0.10.0'}

  is-number@7.0.0:
    resolution: {integrity: sha512-41Cifkg6e8TylSpdtTpeLVMqvSBEVzTttHvERD741+pnZ8ANv0004MRL43QKPDlK9cGvNp6NZWZUBlbGXYxxng==}
    engines: {node: '>=0.12.0'}

  is-stream@4.0.1:
    resolution: {integrity: sha512-Dnz92NInDqYckGEUJv689RbRiTSEHCQ7wOVeALbkOz999YpqT46yMRIGtSNl2iCL1waAZSx40+h59NV/EwzV/A==}
    engines: {node: '>=18'}

  isexe@3.1.1:
    resolution: {integrity: sha512-LpB/54B+/2J5hqQ7imZHfdU31OlgQqx7ZicVlkm9kzg9/w8GKLEcFfJl/t7DCEDueOyBAD6zCCwTO6Fzs0NoEQ==}
    engines: {node: '>=16'}

  jwt-decode@4.0.0:
    resolution: {integrity: sha512-+KJGIyHgkGuIq3IEBNftfhW/LfWhXUIY6OmyVWjliu5KH1y0fw7VQ8YndE2O4qZdMSd9SqbnC8GOcZEy0Om7sA==}
    engines: {node: '>=18'}

  keygrip@1.1.0:
    resolution: {integrity: sha512-iYSchDJ+liQ8iwbSI2QqsQOvqv58eJCEanyJPJi+Khyu8smkcKSFUCbPwzFcL7YVtZ6eONjqRX/38caJ7QjRAQ==}
    engines: {node: '>= 0.6'}

  keyv@5.6.0:
    resolution: {integrity: sha512-CYDD3SOtsHtyXeEORYRx2qBtpDJFjRTGXUtmNEMGyzYOKj1TE3tycdlho7kA1Ufx9OYWZzg52QFBGALTirzDSw==}

  koa-compose@4.1.0:
    resolution: {integrity: sha512-8ODW8TrDuMYvXRwra/Kh7/rJo9BtOfPc6qO8eAfC80CnCvSjSl0bkRM24X6/XBBEyj0v1nRUQ1LyOy3dbqOWXw==}

  koa@3.2.1:
    resolution: {integrity: sha512-e7IpWJrnanNUroVK2taAgMxoEZvHLXdQiNjeExSu/DEIWm83jaKGBgb7tLmu2rMYpA027qFB3iLR/k3AVpFRnA==}
    engines: {node: '>= 18'}

  lowercase-keys@3.0.0:
    resolution: {integrity: sha512-ozCC6gdQ+glXOQsveKD0YsDy8DSQFjDTz4zyzEHNV5+JP5D62LmfDZ6o1cycFx9ouG940M5dE8C8CTewdj2YWQ==}
    engines: {node: ^12.20.0 || ^14.13.1 || >=16.0.0}

  lowercase-keys@4.0.1:
    resolution: {integrity: sha512-wI9Nui/L8VfADa/cr/7NQruaASk1k23/Uh1khQ02BCVYiiy8F4AhOGnQzJy3Fl/c44GnYSbZHv8g7EcG3kJ1Qg==}
    engines: {node: '>=20'}

  media-typer@1.1.1:
    resolution: {integrity: sha512-yz3xRaG20c6/BOzvYoDaGtPmGscs7YivItZEEqe6GbwNfHuxu9YNmvnEkMzKldAGY4/80pRcQRZSEnhquk9XuQ==}
    engines: {node: '>= 0.8'}

  mime-db@1.52.0:
    resolution: {integrity: sha512-sPU4uV7dYlvtWJxwwxHD0PuihVNiE7TyAbQ5SWxDCB9mUYvOgroQOwYQQOKPJ8CIbE+1ETVlOoK1UC2nU3gYvg==}
    engines: {node: '>= 0.6'}

  mime-db@1.54.0:
    resolution: {integrity: sha512-aU5EJuIN2WDemCcAp2vFBfp/m4EAhWJnUNSSw0ixs7/kXbd6Pg64EmwJkNdFhB8aWt1sH2CTXrLxo/iAGV3oPQ==}
    engines: {node: '>= 0.6'}

  mime-types@2.1.35:
    resolution: {integrity: sha512-ZDY+bPm5zTTF+YpCrAU9nK0UgICYPT0QtT1NZWFv4s++TNkcgVaT0g6+4R2uI4MjQjzysHB1zxuWL50hzaeXiw==}
    engines: {node: '>= 0.6'}

  mime-types@3.0.2:
    resolution: {integrity: sha512-Lbgzdk0h4juoQ9fCKXW4by0UJqj+nOOrI9MJ1sSj4nI8aI2eo1qmvQEie4VD1glsS250n15LsWsYtCugiStS5A==}
    engines: {node: '>=18'}

  mimic-response@4.0.0:
    resolution: {integrity: sha512-e5ISH9xMYU0DzrT+jl8q2ze9D6eWBto+I8CNpe+VI+K2J/F/k3PdkdTdz4wvGVH4NTpo+NRYTVIuMQEMMcsLqg==}
    engines: {node: ^12.20.0 || ^14.13.1 || >=16.0.0}

  minimatch@10.2.6:
    resolution: {integrity: sha512-vpLQEs+VLCr1nU0BXS07maYoFwlDAH0gngQuuttxIwutDFEMHq2blX+8vpgxDdK3J1PwjCJiep77OitTZ4Ll1A==}
    engines: {node: 18 || 20 || >=22}

  ms@2.1.3:
    resolution: {integrity: sha512-6FlzubTLZG3J2a/NVCAleEhjzq5oxgHyaCU9yYXvcLsvoVaHJq/s5xXI6/XXP6tz7R9xAOtHnSO/tXtF3WRTlA==}

  negotiator@0.6.3:
    resolution: {integrity: sha512-+EUsqGPLsM+j/zdChZjsnX51g4XrHFOIXwfnCVPGlQk/k5giakcKsuxCObBRu6DSm9opw/O6slWbJdghQM4bBg==}
    engines: {node: '>= 0.6'}

  node-addon-api@8.9.2:
    resolution: {integrity: sha512-VijLXbi3UACN69I0JVXJsX4tjACjNoQDgv2gTF6sx2wWEi8tkSg2eX8p5gSIFi8z2+DL3oHmY6OyKce38SDolg==}
    engines: {node: ^18 || ^20 || >= 21}

  node-fetch@2.7.0:
    resolution: {integrity: sha512-c4FRfUm/dbcWZ7U+1Wq0AwCyFL+3nt2bEw05wfxSz+DWpWsitgmSgYmy2dQdWyKC1694ELPqMs/YzUSNozLt8A==}
    engines: {node: 4.x || >=6.0.0}
    peerDependencies:
      encoding: ^0.1.0
    peerDependenciesMeta:
      encoding:
        optional: true

  nodemon@3.1.14:
    resolution: {integrity: sha512-jakjZi93UtB3jHMWsXL68FXSAosbLfY0In5gtKq3niLSkrWznrVBzXFNOEMJUfc9+Ke7SHWoAZsiMkNP3vq6Jw==}
    engines: {node: '>=10'}
    hasBin: true

  normalize-path@3.0.0:
    resolution: {integrity: sha512-6eZs5Ls3WtCisHWp9S2GUy8dqkpGi4BVSz3GaqiE6ezub0512ESztXUwUB6C6IKbQkY2Pnb/mD4WYojCRwcwLA==}
    engines: {node: '>=0.10.0'}

  normalize-url@8.1.1:
    resolution: {integrity: sha512-JYc0DPlpGWB40kH5g07gGTrYuMqV653k3uBKY6uITPWds3M0ov3GaWGp9lbE3Bzngx8+XkfzgvASb9vk9JDFXQ==}
    engines: {node: '>=14.16'}

  on-finished@2.4.1:
    resolution: {integrity: sha512-oVlzkg3ENAhCk2zdv7IJwd/QUD4z2RxRwpkcGY8psCVcCYZNq4wYnVWALHM+brtuJjePWiYF/ClmuDr8Ch5+kg==}
    engines: {node: '>= 0.8'}

  parseurl@1.3.3:
    resolution: {integrity: sha512-CiyeOxFT/JZyN5m0z9PfXw4SCBJ6Sygz1Dpl0wqjlhDEGGBP1GnsUVEL0p63hoG1fcj3fHynXi9NYO4nWOL+qQ==}
    engines: {node: '>= 0.8'}

  picomatch@2.3.1:
    resolution: {integrity: sha512-JU3teHTNjmE2VCGFzuY8EXzCDVwEqB2a8fsIvwaStHhAWJEeVd1o1QD80CU6+ZdEXXSLbSsuLwJjkCBWqRQUVA==}
    engines: {node: '>=8.6'}

  poseidon-lite@0.3.0:
    resolution: {integrity: sha512-ilJj4MIve4uBEG7SrtPqUUNkvpJ/pLVbndxa0WvebcQqeIhe+h72JR4g0EvwchUzm9sOQDlOjiDNmRAgxNZl4A==}

  pstree.remy@1.1.8:
    resolution: {integrity: sha512-77DZwxQmxKnu3aR542U+X8FypNzbfJ+C5XQDk3uWjWxn6151aIMGthWYRXTqT1E5oJvg+ljaa2OJi+VfvCOQ8w==}

  quick-lru@5.1.1:
    resolution: {integrity: sha512-WuyALRjWPDGtt/wzJiadO5AXY+8hZ80hVpe6MyivgraREW751X3SbhRvG3eLKOYN+8VEvqLcf3wdnt44Z4S4SA==}
    engines: {node: '>=10'}

  readdirp@3.6.0:
    resolution: {integrity: sha512-hOS089on8RduqdbhvQ5Z37A0ESjsqz6qnRcffsMU3495FuTdqSm+7bhJ29JvIOsBDEEnan5DPu9t3To9VRlMzA==}
    engines: {node: '>=8.10.0'}

  resolve-alpn@1.2.1:
    resolution: {integrity: sha512-0a1F4l73/ZFZOakJnQ3FvkJ2+gSTQWz/r2KE5OdDY0TxPm5h4GkqkWWfM47T7HsbnOtcJVEF4epCVy6u7Q3K+g==}

  responselike@4.0.2:
    resolution: {integrity: sha512-cGk8IbWEAnaCpdAt1BHzJ3Ahz5ewDJa0KseTsE3qIRMJ3C698W8psM7byCeWVpd/Ha7FUYzuRVzXoKoM6nRUbA==}
    engines: {node: '>=20'}

  semver@7.6.3:
    resolution: {integrity: sha512-oVekP1cKtI+CTDvHWYFUcMtsK/00wmAEfyqKfNdARm8u1wNVhSgaX7A8d4UuIlUI5e84iEwOhs7ZPYRmzU9U6A==}
    engines: {node: '>=10'}
    hasBin: true

  setprototypeof@1.2.0:
    resolution: {integrity: sha512-E5LDX7Wrp85Kil5bhZv46j8jOeboKq5JMmYM3gVGdGH8xFpPWXUMsNrlODCrkoxMEeNi/XZIwuRvY4XNwYMJpw==}

  simple-update-notifier@2.0.0:
    resolution: {integrity: sha512-a2B9Y0KlNXl9u/vsW6sTIu9vGEpfKu2wRV6l1H3XEas/0gUIzGzBoP/IouTcUQbm9JWZLH3COxyn03TYlFax6w==}
    engines: {node: '>=10'}

  statuses@1.5.0:
    resolution: {integrity: sha512-OpZ3zP+jT1PI7I8nemJX4AKmAX070ZkYPVWV/AaKTJl+tXCTGyVdC1a4SL8RUQYEwk/f34ZX8UTykN68FwrqAA==}
    engines: {node: '>= 0.6'}

  statuses@2.0.1:
    resolution: {integrity: sha512-RwNA9Z/7PrK06rYLIzFMlaF+l73iwpzsqRIFgbMLbTcLD6cOao82TaWefPXQvB2fOC4AjuYSEndS7N/mTCbkdQ==}
    engines: {node: '>= 0.8'}

  supports-color@5.5.0:
    resolution: {integrity: sha512-QjVjwdXIt408MIiAqCX4oUKsgU2EqAGzs2Ppkm4aQYbjm+ZEWEcW4SfFNTr4uMNZma0ey4f5lgLrkB0aX0QMow==}
    engines: {node: '>=4'}

  tagged-tag@1.0.0:
    resolution: {integrity: sha512-yEFYrVhod+hdNyx7g5Bnkkb0G6si8HJurOoOEgC8B/O0uXLHlaey/65KRv6cuWBNhBgHKAROVpc7QyYqE5gFng==}
    engines: {node: '>=20'}

  to-regex-range@5.0.1:
    resolution: {integrity: sha512-65P7iz6X5yEr1cwcgvQxbbIw7Uk3gOy5dIdtZ4rDveLqhrdJP+Li/Hx6tyK0NEb+2GCyneCMJiGqrADCSNk8sQ==}
    engines: {node: '>=8.0'}

  toidentifier@1.0.1:
    resolution: {integrity: sha512-o5sSPKEkg/DIQNmH43V0/uerLrpzVedkUh8tGNvaeXpfpuwjKenlSox/2O/BTlZUtEe+JG7s5YhEz608PlAHRA==}
    engines: {node: '>=0.6'}

  touch@3.1.1:
    resolution: {integrity: sha512-r0eojU4bI8MnHr8c5bNo7lJDdI2qXlWWJk6a9EAFG7vbhTjElYhBVS3/miuE0uOuoLdb8Mc/rVfsmm6eo5o9GA==}
    hasBin: true

  tr46@0.0.3:
    resolution: {integrity: sha512-N3WMsuqV66lT30CrXNbEjx4GEwlow3v6rr4mCcv6prnfwhS01rkgyFdjPNBYd9br7LpXV1+Emh01fHnq2Gdgrw==}

  tsscmp@1.0.6:
    resolution: {integrity: sha512-LxhtAkPDTkVCMQjt2h6eBVY28KCjikZqZfMcC15YBeNjkgUpdCfBu5HoiOTDu86v6smE8yOjyEktJ8hlbANHQA==}
    engines: {node: '>=0.6.x'}

  type-fest@5.8.0:
    resolution: {integrity: sha512-YGYEVz3Fm5iy/AybuA0oyNFq7H4CgQNfRp/qfe8nurE1kuCeNm3/vfm9X4Mtl+qLyaKJUh5xrFZwogr41SMjYA==}
    engines: {node: '>=20'}

  type-is@2.1.0:
    resolution: {integrity: sha512-faYHw0anBbc/kWF3zFTEnxSFOAGUX9GFbOBthvDdLsIlEoWOFOtS0zgCiQYwIskL9iGXZL3kAXD8OoZ4GmMATA==}
    engines: {node: '>= 18'}

  typescript@7.0.2:
    resolution: {integrity: sha512-8FYau96o3NKOhbjKi/qNvG/W5jhzxkbdm5sj9AbZ/5T5sWqn3hJgLfGx27sRKZWTvyzCP8dLRBTf5tBTSRVUNA==}
    engines: {node: '>=16.20.0'}
    hasBin: true

  uint8array-extras@1.5.0:
    resolution: {integrity: sha512-rvKSBiC5zqCCiDZ9kAOszZcDvdAHwwIKJG33Ykj43OKcWsnmcBRL09YTU4nOeHZ8Y2a7l1MgTd08SBe9A8Qj6A==}
    engines: {node: '>=18'}

  undefsafe@2.0.5:
    resolution: {integrity: sha512-WxONCrssBM8TSPRqN5EmsjVrsv4A8X12J4ArBiiayv3DyyG3ZlIg6yysuuSYdZsVz3TKcTg2fd//Ujd4CHV1iA==}

  undici-types@6.20.0:
    resolution: {integrity: sha512-Ny6QZ2Nju20vw1SRHe3d9jVu6gJ+4e3+MMpqu7pqE5HT6WsTSlce++GQmK5UXS8mzV8DSYHrQH+Xrf2jVcuKNg==}

  vary@1.1.2:
    resolution: {integrity: sha512-BNGbWLfd0eUPabhkXUVm0j8uuvREyTh5ovRa/dyow/BqAbZJyC+5fU+IzQOzmAKzYqYRAISoRhdQr3eIZ/PXqg==}
    engines: {node: '>= 0.8'}

  webidl-conversions@3.0.1:
    resolution: {integrity: sha512-2JAn3z8AR6rjK8Sm8orRC0h/bcl/DqL7tRPdGZ4I1CjdF+EaMLmYxBHyXuKL849eucPFhvBoxMsflfOb8kxaeQ==}

  whatwg-url@5.0.0:
    resolution: {integrity: sha512-saE57nupxk6v3HY35+jzBwYa0rKSy0XR8JSxZPwgLr7ys0IBzhGviA1/TUGJLmSVqs8pb9AnvICXEuOHLprYTw==}

  which@4.0.0:
    resolution: {integrity: sha512-GlaYyEb07DPxYCKhKzplCWBJtvxZcZMrL+4UkrTSJHHPyZU4mYYTv3qaOe77H7EODLSSopAUFAc6W8U4yqvscg==}
    engines: {node: ^16.13.0 || >=18.0.0}
    hasBin: true

snapshots:

  '@aptos-labs/aptos-cli@3.0.0':
    dependencies:
      commander: 14.0.3

  '@aptos-labs/aptos-client@4.1.0':
    dependencies:
      got: 15.1.0

  '@aptos-labs/ts-sdk@7.3.0':
    dependencies:
      '@aptos-labs/aptos-cli': 3.0.0
      '@aptos-labs/aptos-client': 4.1.0
      '@noble/ciphers': 2.2.0
      '@noble/curves': 2.2.0
      '@noble/hashes': 2.2.0
      '@scure/bip32': 2.3.0
      '@scure/bip39': 2.3.0
      eventemitter3: 5.0.4
      jwt-decode: 4.0.0
      poseidon-lite: 0.3.0

  '@deno/shim-deno-test@0.5.0': {}

  '@deno/shim-deno@0.18.2':
    dependencies:
      '@deno/shim-deno-test': 0.5.0
      which: 4.0.0

  '@fluent/bundle@0.17.1': {}

  '@fluent/langneg@0.6.2': {}

  '@grammyjs/i18n@1.1.2(grammy@1.45.1)':
    dependencies:
      '@deno/shim-deno': 0.18.2
      '@fluent/bundle': 0.17.1
      '@fluent/langneg': 0.6.2
      grammy: 1.45.1

  '@grammyjs/types@4.0.0': {}

  '@keyv/serialize@1.1.1': {}

  '@noble/ciphers@2.2.0': {}

  '@noble/curves@2.2.0':
    dependencies:
      '@noble/hashes': 2.2.0

  '@noble/curves@2.3.0':
    dependencies:
      '@noble/hashes': 2.3.0

  '@noble/hashes@2.2.0': {}

  '@noble/hashes@2.3.0': {}

  '@scure/base@2.3.0': {}

  '@scure/bip32@2.3.0':
    dependencies:
      '@noble/curves': 2.3.0
      '@noble/hashes': 2.3.0
      '@scure/base': 2.3.0

  '@scure/bip39@2.3.0':
    dependencies:
      '@noble/hashes': 2.3.0

  '@sec-ant/readable-stream@0.4.1': {}

  '@sindresorhus/is@8.1.0': {}

  '@types/accepts@1.3.7':
    dependencies:
      '@types/node': 22.10.4

  '@types/better-sqlite3@9.6.0':
    dependencies:
      '@types/node': 22.10.4

  '@types/body-parser@1.19.5':
    dependencies:
      '@types/connect': 3.4.38
      '@types/node': 22.10.4

  '@types/connect@3.4.38':
    dependencies:
      '@types/node': 22.10.4

  '@types/content-disposition@0.5.8': {}

  '@types/cookies@0.9.0':
    dependencies:
      '@types/connect': 3.4.38
      '@types/express': 5.0.0
      '@types/keygrip': 1.0.6
      '@types/node': 22.10.4

  '@types/express-serve-static-core@5.0.3':
    dependencies:
      '@types/node': 22.10.4
      '@types/qs': 6.9.17
      '@types/range-parser': 1.2.7
      '@types/send': 0.17.4

  '@types/express@5.0.0':
    dependencies:
      '@types/body-parser': 1.19.5
      '@types/express-serve-static-core': 5.0.3
      '@types/qs': 6.9.17
      '@types/serve-static': 1.15.7

  '@types/http-assert@1.5.6': {}

  '@types/http-cache-semantics@4.2.0': {}

  '@types/http-errors@2.0.4': {}

  '@types/keygrip@1.0.6': {}

  '@types/koa-compose@3.2.8':
    dependencies:
      '@types/koa': 2.15.0

  '@types/koa@2.15.0':
    dependencies:
      '@types/accepts': 1.3.7
      '@types/content-disposition': 0.5.8
      '@types/cookies': 0.9.0
      '@types/http-assert': 1.5.6
      '@types/http-errors': 2.0.4
      '@types/keygrip': 1.0.6
      '@types/koa-compose': 3.2.8
      '@types/node': 22.10.4

  '@types/koa@3.0.3':
    dependencies:
      '@types/accepts': 1.3.7
      '@types/content-disposition': 0.5.8
      '@types/cookies': 0.9.0
      '@types/http-assert': 1.5.6
      '@types/http-errors': 2.0.4
      '@types/keygrip': 1.0.6
      '@types/koa-compose': 3.2.8
      '@types/node': 22.10.4

  '@types/mime@1.3.5': {}

  '@types/node@22.10.4':
    dependencies:
      undici-types: 6.20.0

  '@types/qs@6.9.17': {}

  '@types/range-parser@1.2.7': {}

  '@types/send@0.17.4':
    dependencies:
      '@types/mime': 1.3.5
      '@types/node': 22.10.4

  '@types/serve-static@1.15.7':
    dependencies:
      '@types/http-errors': 2.0.4
      '@types/node': 22.10.4
      '@types/send': 0.17.4

  '@typescript/typescript-aix-ppc64@7.0.2':
    optional: true

  '@typescript/typescript-darwin-arm64@7.0.2':
    optional: true

  '@typescript/typescript-darwin-x64@7.0.2':
    optional: true

  '@typescript/typescript-freebsd-arm64@7.0.2':
    optional: true

  '@typescript/typescript-freebsd-x64@7.0.2':
    optional: true

  '@typescript/typescript-linux-arm64@7.0.2':
    optional: true

  '@typescript/typescript-linux-arm@7.0.2':
    optional: true

  '@typescript/typescript-linux-loong64@7.0.2':
    optional: true

  '@typescript/typescript-linux-mips64el@7.0.2':
    optional: true

  '@typescript/typescript-linux-ppc64@7.0.2':
    optional: true

  '@typescript/typescript-linux-riscv64@7.0.2':
    optional: true

  '@typescript/typescript-linux-s390x@7.0.2':
    optional: true

  '@typescript/typescript-linux-x64@7.0.2':
    optional: true

  '@typescript/typescript-netbsd-arm64@7.0.2':
    optional: true

  '@typescript/typescript-netbsd-x64@7.0.2':
    optional: true

  '@typescript/typescript-openbsd-arm64@7.0.2':
    optional: true

  '@typescript/typescript-openbsd-x64@7.0.2':
    optional: true

  '@typescript/typescript-sunos-x64@7.0.2':
    optional: true

  '@typescript/typescript-win32-arm64@7.0.2':
    optional: true

  '@typescript/typescript-win32-x64@7.0.2':
    optional: true

  abort-controller@3.0.0:
    dependencies:
      event-target-shim: 5.0.1

  accepts@1.3.8:
    dependencies:
      mime-types: 2.1.35
      negotiator: 0.6.3

  anymatch@3.1.3:
    dependencies:
      normalize-path: 3.0.0
      picomatch: 2.3.1

  balanced-match@4.0.4: {}

  better-sqlite3@13.0.3:
    dependencies:
      node-addon-api: 8.9.2

  binary-extensions@2.3.0: {}

  brace-expansion@5.0.9:
    dependencies:
      balanced-match: 4.0.4

  braces@3.0.3:
    dependencies:
      fill-range: 7.1.1

  byte-counter@0.1.0: {}

  cacheable-lookup@7.0.0: {}

  cacheable-request@13.0.19:
    dependencies:
      '@types/http-cache-semantics': 4.2.0
      get-stream: 9.0.1
      http-cache-semantics: 4.2.0
      keyv: 5.6.0
      mimic-response: 4.0.0
      normalize-url: 8.1.1
      responselike: 4.0.2

  chokidar@3.6.0:
    dependencies:
      anymatch: 3.1.3
      braces: 3.0.3
      glob-parent: 5.1.2
      is-binary-path: 2.1.0
      is-glob: 4.0.3
      normalize-path: 3.0.0
      readdirp: 3.6.0
    optionalDependencies:
      fsevents: 2.3.3

  chunk-data@0.1.0: {}

  commander@14.0.3: {}

  content-disposition@1.0.1: {}

  content-type@1.0.5: {}

  content-type@2.1.0: {}

  cookies@0.9.1:
    dependencies:
      depd: 2.0.0
      keygrip: 1.1.0

  debug@4.4.0(supports-color@5.5.0):
    dependencies:
      ms: 2.1.3
    optionalDependencies:
      supports-color: 5.5.0

  debug@4.4.3:
    dependencies:
      ms: 2.1.3

  decompress-response@10.0.0:
    dependencies:
      mimic-response: 4.0.0

  deep-equal@1.0.1: {}

  delegates@1.0.0: {}

  depd@1.1.2: {}

  depd@2.0.0: {}

  destroy@1.2.0: {}

  dotenv@17.4.2: {}

  ee-first@1.1.1: {}

  encodeurl@2.0.0: {}

  escape-html@1.0.3: {}

  event-target-shim@5.0.1: {}

  eventemitter3@5.0.4: {}

  fill-range@7.1.1:
    dependencies:
      to-regex-range: 5.0.1

  fresh@0.5.2: {}

  fsevents@2.3.3:
    optional: true

  get-stream@9.0.1:
    dependencies:
      '@sec-ant/readable-stream': 0.4.1
      is-stream: 4.0.1

  glob-parent@5.1.2:
    dependencies:
      is-glob: 4.0.3

  got@15.1.0:
    dependencies:
      '@sindresorhus/is': 8.1.0
      byte-counter: 0.1.0
      cacheable-lookup: 7.0.0
      cacheable-request: 13.0.19
      chunk-data: 0.1.0
      decompress-response: 10.0.0
      http2-wrapper: 2.2.1
      keyv: 5.6.0
      lowercase-keys: 4.0.1
      responselike: 4.0.2
      type-fest: 5.8.0
      uint8array-extras: 1.5.0

  grammy@1.45.1:
    dependencies:
      '@grammyjs/types': 4.0.0
      abort-controller: 3.0.0
      debug: 4.4.3
      node-fetch: 2.7.0
    transitivePeerDependencies:
      - encoding
      - supports-color

  has-flag@3.0.0: {}

  http-assert@1.5.0:
    dependencies:
      deep-equal: 1.0.1
      http-errors: 1.8.1

  http-cache-semantics@4.2.0: {}

  http-errors@1.8.1:
    dependencies:
      depd: 1.1.2
      inherits: 2.0.4
      setprototypeof: 1.2.0
      statuses: 1.5.0
      toidentifier: 1.0.1

  http-errors@2.0.0:
    dependencies:
      depd: 2.0.0
      inherits: 2.0.4
      setprototypeof: 1.2.0
      statuses: 2.0.1
      toidentifier: 1.0.1

  http2-wrapper@2.2.1:
    dependencies:
      quick-lru: 5.1.1
      resolve-alpn: 1.2.1

  ignore-by-default@1.0.1: {}

  inherits@2.0.4: {}

  is-binary-path@2.1.0:
    dependencies:
      binary-extensions: 2.3.0

  is-extglob@2.1.1: {}

  is-glob@4.0.3:
    dependencies:
      is-extglob: 2.1.1

  is-number@7.0.0: {}

  is-stream@4.0.1: {}

  isexe@3.1.1: {}

  jwt-decode@4.0.0: {}

  keygrip@1.1.0:
    dependencies:
      tsscmp: 1.0.6

  keyv@5.6.0:
    dependencies:
      '@keyv/serialize': 1.1.1

  koa-compose@4.1.0: {}

  koa@3.2.1:
    dependencies:
      accepts: 1.3.8
      content-disposition: 1.0.1
      content-type: 1.0.5
      cookies: 0.9.1
      delegates: 1.0.0
      destroy: 1.2.0
      encodeurl: 2.0.0
      escape-html: 1.0.3
      fresh: 0.5.2
      http-assert: 1.5.0
      http-errors: 2.0.0
      koa-compose: 4.1.0
      mime-types: 3.0.2
      on-finished: 2.4.1
      parseurl: 1.3.3
      statuses: 2.0.1
      type-is: 2.1.0
      vary: 1.1.2

  lowercase-keys@3.0.0: {}

  lowercase-keys@4.0.1: {}

  media-typer@1.1.1: {}

  mime-db@1.52.0: {}

  mime-db@1.54.0: {}

  mime-types@2.1.35:
    dependencies:
      mime-db: 1.52.0

  mime-types@3.0.2:
    dependencies:
      mime-db: 1.54.0

  mimic-response@4.0.0: {}

  minimatch@10.2.6:
    dependencies:
      brace-expansion: 5.0.9

  ms@2.1.3: {}

  negotiator@0.6.3: {}

  node-addon-api@8.9.2: {}

  node-fetch@2.7.0:
    dependencies:
      whatwg-url: 5.0.0

  nodemon@3.1.14:
    dependencies:
      chokidar: 3.6.0
      debug: 4.4.0(supports-color@5.5.0)
      ignore-by-default: 1.0.1
      minimatch: 10.2.6
      pstree.remy: 1.1.8
      semver: 7.6.3
      simple-update-notifier: 2.0.0
      supports-color: 5.5.0
      touch: 3.1.1
      undefsafe: 2.0.5

  normalize-path@3.0.0: {}

  normalize-url@8.1.1: {}

  on-finished@2.4.1:
    dependencies:
      ee-first: 1.1.1

  parseurl@1.3.3: {}

  picomatch@2.3.1: {}

  poseidon-lite@0.3.0: {}

  pstree.remy@1.1.8: {}

  quick-lru@5.1.1: {}

  readdirp@3.6.0:
    dependencies:
      picomatch: 2.3.1

  resolve-alpn@1.2.1: {}

  responselike@4.0.2:
    dependencies:
      lowercase-keys: 3.0.0

  semver@7.6.3: {}

  setprototypeof@1.2.0: {}

  simple-update-notifier@2.0.0:
    dependencies:
      semver: 7.6.3

  statuses@1.5.0: {}

  statuses@2.0.1: {}

  supports-color@5.5.0:
    dependencies:
      has-flag: 3.0.0

  tagged-tag@1.0.0: {}

  to-regex-range@5.0.1:
    dependencies:
      is-number: 7.0.0

  toidentifier@1.0.1: {}

  touch@3.1.1: {}

  tr46@0.0.3: {}

  tsscmp@1.0.6: {}

  type-fest@5.8.0:
    dependencies:
      tagged-tag: 1.0.0

  type-is@2.1.0:
    dependencies:
      content-type: 2.1.0
      media-typer: 1.1.1
      mime-types: 3.0.2

  typescript@7.0.2:
    optionalDependencies:
      '@typescript/typescript-aix-ppc64': 7.0.2
      '@typescript/typescript-darwin-arm64': 7.0.2
      '@typescript/typescript-darwin-x64': 7.0.2
      '@typescript/typescript-freebsd-arm64': 7.0.2
      '@typescript/typescript-freebsd-x64': 7.0.2
      '@typescript/typescript-linux-arm': 7.0.2
      '@typescript/typescript-linux-arm64': 7.0.2
      '@typescript/typescript-linux-loong64': 7.0.2
      '@typescript/typescript-linux-mips64el': 7.0.2
      '@typescript/typescript-linux-ppc64': 7.0.2
      '@typescript/typescript-linux-riscv64': 7.0.2
      '@typescript/typescript-linux-s390x': 7.0.2
      '@typescript/typescript-linux-x64': 7.0.2
      '@typescript/typescript-netbsd-arm64': 7.0.2
      '@typescript/typescript-netbsd-x64': 7.0.2
      '@typescript/typescript-openbsd-arm64': 7.0.2
      '@typescript/typescript-openbsd-x64': 7.0.2
      '@typescript/typescript-sunos-x64': 7.0.2
      '@typescript/typescript-win32-arm64': 7.0.2
      '@typescript/typescript-win32-x64': 7.0.2

  uint8array-extras@1.5.0: {}

  undefsafe@2.0.5: {}

  undici-types@6.20.0: {}

  vary@1.1.2: {}

  webidl-conversions@3.0.1: {}

  whatwg-url@5.0.0:
    dependencies:
      tr46: 0.0.3
      webidl-conversions: 3.0.1

  which@4.0.0:
    dependencies:
      isexe: 3.1.1
